<?xml version="1.0" encoding="utf-8"?>
<Project ToolsVersion="4.0" xmlns="http://schemas.microsoft.com/developer/msbuild/2003">
  <ItemGroup>
    <Filter Include="Resource Files">
      <UniqueIdentifier>{67DA6AB6-F800-4c08-8B7A-83BB121AAD01}</UniqueIdentifier>
      <Extensions>rc;ico;cur;bmp;dlg;rc2;rct;bin;rgs;gif;jpg;jpeg;jpe;resx;tiff;tif;png;wav;mfcribbon-ms</Extensions>
    </Filter>
    <Filter Include="lib">
      <UniqueIdentifier>{93995380-89BD-4b04-88EB-625FBE52EBFB}</UniqueIdentifier>
      <Extensions>h;hh;hpp;hxx;h++;hm;inl;inc;ipp;xsd</Extensions>
    </Filter>
    <Filter Include="src">
      <UniqueIdentifier>{4FC737F1-C7A5-4376-A066-2A32D752A2FF}</UniqueIdentifier>
      <Extensions>cpp;c;cc;cxx;c++;cppm;ixx;def;odl;idl;hpj;bat;asm;asmx</Extensions>
    </Filter>
  </ItemGroup>
  <ItemGroup>
    <ClCompile Include="entry.cpp">
      <Filter>src</Filter>
    </ClCompile>
    <ClCompile Include="src\main.cpp">
      <Filter>src</Filter>
    </ClCompile>
    <ClCompile Include="lib\helpers\log\logger.cpp">
      <Filter>src</Filter>
    </ClCompile>
    <ClCompile Include="sdk\client\handlers\features\features.handler.cpp">
      <Filter>src</Filter>
    </ClCompile>
  </ItemGroup>
  <ItemGroup>
    <ClInclude Include="lib\constantium.hpp">
      <Filter>lib</Filter>
    </ClInclude>
    <ClInclude Include="lib\headers\external.hpp">
      <Filter>lib</Filter>
    </ClInclude>
    <ClInclude Include="sdk\client\client.hpp">
      <Filter>lib</Filter>
    </ClInclude>
    <ClInclude Include="lib\cm\concepts.hpp">
      <Filter>lib</Filter>
    </ClInclude>
    <ClInclude Include="lib\cm\templates.hpp">
      <Filter>lib</Filter>
    </ClInclude>
    <ClInclude Include="lib\cm\cm.hpp">
      <Filter>lib</Filter>
    </ClInclude>
    <ClInclude Include="lib\helpers\helpers.hpp">
      <Filter>lib</Filter>
    </ClInclude>
    <ClInclude Include="lib\helpers\result_resolvable.hpp">
      <Filter>lib</Filter>
    </ClInclude>
    <ClInclude Include="sdk\client\handlers\features\features.handler.hpp">
      <Filter>lib</Filter>
    </ClInclude>
    <ClInclude Include="sdk\client\handlers\hooks\hooks.handler.hpp">
      <Filter>lib</Filter>
    </ClInclude>
    <ClInclude Include="sdk\client\handlers\client_handlers.hpp">
      <Filter>lib</Filter>
    </ClInclude>
    <ClInclude Include="sdk\client\handlers\handler.hpp">
      <Filter>lib</Filter>
    </ClInclude>
    <ClInclude Include="sdk\client\globals.hpp">
      <Filter>lib</Filter>
    </ClInclude>
    <ClInclude Include="sdk\client.hpp">
      <Filter>lib</Filter>
    </ClInclude>
    <ClInclude Include="lib\services\log\logger.hpp">
      <Filter>lib</Filter>
    </ClInclude>
    <ClInclude Include="lib\services\services.hpp">
      <Filter>lib</Filter>
    </ClInclude>
    <ClInclude Include="lib\helpers\log\logger.hpp">
      <Filter>lib</Filter>
    </ClInclude>
    <ClInclude Include="src\main.hpp">
      <Filter>lib</Filter>
    </ClInclude>
    <ClInclude Include="sdk\client\handlers\features\feature.hpp">
      <Filter>lib</Filter>
    </ClInclude>
    <ClInclude Include="sdk\client\handlers\handleable.hpp">
      <Filter>lib</Filter>
    </ClInclude>
    <ClInclude Include="lib\mt\mt.hpp">
      <Filter>lib</Filter>
    </ClInclude>
    <ClInclude Include="sdk\cstrike\cstrike.hpp">
      <Filter>lib</Filter>
    </ClInclude>
    <ClInclude Include="sdk\cstrike.hpp">
      <Filter>lib</Filter>
    </ClInclude>
    <ClInclude Include="src\features\test_feature.hpp">
      <Filter>lib</Filter>
    </ClInclude>
    <ClInclude Include="sdk\render\ux.hpp">
      <Filter>lib</Filter>
    </ClInclude>
    <ClInclude Include="sdk\render\platform.hpp">
      <Filter>lib</Filter>
    </ClInclude>
  </ItemGroup>
</Project>